
Microsoft Visual Studio Solution File, Format Version 12.00
# Visual Studio Version 17
VisualStudioVersion = 17.14.36202.13
MinimumVisualStudioVersion = 10.0.40219.1
Project("{FAE04EC0-301F-11D3-BF4B-00C04F79EFBC}") = "CronosAppIssue", "CronosAppIssue\CronosAppIssue.csproj", "{756D6A51-6B38-42DF-B6C6-0BAC19B0391D}"
EndProject
Global
	GlobalSection(SolutionConfigurationPlatforms) = preSolution
		Debug|Any CPU = Debug|Any CPU
		Release|Any CPU = Release|Any CPU
	EndGlobalSection
	GlobalSection(ProjectConfigurationPlatforms) = postSolution
		{756D6A51-6B38-42DF-B6C6-0BAC19B0391D}.Debug|Any CPU.ActiveCfg = Debug|Any CPU
		{756D6A51-6B38-42DF-B6C6-0BAC19B0391D}.Debug|Any CPU.Build.0 = Debug|Any CPU
		{756D6A51-6B38-42DF-B6C6-0BAC19B0391D}.Release|Any CPU.ActiveCfg = Release|Any CPU
		{756D6A51-6B38-42DF-B6C6-0BAC19B0391D}.Release|Any CPU.Build.0 = Release|Any CPU
	EndGlobalSection
	GlobalSection(SolutionProperties) = preSolution
		HideSolutionNode = FALSE
	EndGlobalSection
	GlobalSection(ExtensibilityGlobals) = postSolution
		SolutionGuid = {97795E4F-2B96-4C04-A6BE-DCD33E206E2F}
	EndGlobalSection
EndGlobal
